
Microsoft Visual Studio Solution File, Format Version 12.00
# Visual Studio 15
VisualStudioVersion = 15.0.28307.960
MinimumVisualStudioVersion = 10.0.40219.1
Project("{8BC9CEB8-8B4A-11D0-8D11-00A0C91BC942}") = "ReeeEngine", "ReeeEngine\ReeeEngine.vcxproj", "{9EB458D7-50C9-4CFB-8863-9E29F4D56F3D}"
EndProject
Global
	GlobalSection(SolutionConfigurationPlatforms) = preSolution
		Debug|x64 = Debug|x64
		Debug|x86 = Debug|x86
		Release|x64 = Release|x64
		Release|x86 = Release|x86
	EndGlobalSection
	GlobalSection(ProjectConfigurationPlatforms) = postSolution
		{9EB458D7-50C9-4CFB-8863-9E29F4D56F3D}.Debug|x64.ActiveCfg = Debug|Win32
		{9EB458D7-50C9-4CFB-8863-9E29F4D56F3D}.Debug|x64.Build.0 = Debug|Win32
		{9EB458D7-50C9-4CFB-8863-9E29F4D56F3D}.Debug|x86.ActiveCfg = Debug|Win32
		{9EB458D7-50C9-4CFB-8863-9E29F4D56F3D}.Debug|x86.Build.0 = Debug|Win32
		{9EB458D7-50C9-4CFB-8863-9E29F4D56F3D}.Release|x64.ActiveCfg = Release|x64
		{9EB458D7-50C9-4CFB-8863-9E29F4D56F3D}.Release|x64.Build.0 = Release|x64
		{9EB458D7-50C9-4CFB-8863-9E29F4D56F3D}.Release|x86.ActiveCfg = Release|Win32
		{9EB458D7-50C9-4CFB-8863-9E29F4D56F3D}.Release|x86.Build.0 = Release|Win32
	EndGlobalSection
	GlobalSection(SolutionProperties) = preSolution
		HideSolutionNode = FALSE
	EndGlobalSection
	GlobalSection(ExtensibilityGlobals) = postSolution
		SolutionGuid = {534FC3E1-94CD-4E92-B509-2319E7BF883C}
	EndGlobalSection
EndGlobal
