<?xml version="1.0" encoding="utf-8"?>
<Project ToolsVersion="4.0" xmlns="http://schemas.microsoft.com/developer/msbuild/2003">
  <ItemGroup>
    <Filter Include="Source Files">
      <UniqueIdentifier>{4FC737F1-C7A5-4376-A066-2A32D752A2FF}</UniqueIdentifier>
      <Extensions>cpp;c;cc;cxx;def;odl;idl;hpj;bat;asm;asmx</Extensions>
    </Filter>
    <Filter Include="Header Files">
      <UniqueIdentifier>{93995380-89BD-4b04-88EB-625FBE52EBFB}</UniqueIdentifier>
      <Extensions>h;hh;hpp;hxx;hm;inl;inc;ipp;xsd</Extensions>
    </Filter>
    <Filter Include="Resource Files">
      <UniqueIdentifier>{67DA6AB6-F800-4c08-8B7A-83BB121AAD01}</UniqueIdentifier>
      <Extensions>rc;ico;cur;bmp;dlg;rc2;rct;bin;rgs;gif;jpg;jpeg;jpe;resx;tiff;tif;png;wav;mfcribbon-ms</Extensions>
    </Filter>
    <Filter Include="Shaders">
      <UniqueIdentifier>{236cc7df-a6c8-4f10-ac12-b13b7e44e6dc}</UniqueIdentifier>
    </Filter>
  </ItemGroup>
  <ItemGroup>
    <ClInclude Include="src\ReeeEngine\Globals.h">
      <Filter>Header Files</Filter>
    </ClInclude>
    <ClInclude Include="src\ReeeEngine\Application.h">
      <Filter>Header Files</Filter>
    </ClInclude>
    <ClInclude Include="src\ReeeEngine.h">
      <Filter>Header Files</Filter>
    </ClInclude>
    <ClInclude Include="src\ReeeEngine\Entry.h">
      <Filter>Header Files</Filter>
    </ClInclude>
    <ClInclude Include="src\ReeeEngine\Windows\ReeeWin.h">
      <Filter>Header Files</Filter>
    </ClInclude>
    <ClInclude Include="src\ReeeEngine\Timer.h">
      <Filter>Header Files</Filter>
    </ClInclude>
    <ClInclude Include="src\ReeeEngine\Rendering\Graphics.h">
      <Filter>Header Files</Filter>
    </ClInclude>
    <ClInclude Include="src\ReeeEngine\Math\ReeeMath.h">
      <Filter>Header Files</Filter>
    </ClInclude>
    <ClInclude Include="src\ReeeEngine\Windows\Window.h">
      <Filter>Header Files</Filter>
    </ClInclude>
    <ClInclude Include="src\ReeeEngine\Windows\WindowsInput.h">
      <Filter>Header Files</Filter>
    </ClInclude>
    <ClInclude Include="src\ReeeEngine\ReeeLog.h">
      <Filter>Header Files</Filter>
    </ClInclude>
    <ClInclude Include="src\ReeeEngine\Rendering\Context\IndexData.h">
      <Filter>Header Files</Filter>
    </ClInclude>
    <ClInclude Include="src\ReeeEngine\Rendering\Context\ContextData.h">
      <Filter>Header Files</Filter>
    </ClInclude>
    <ClInclude Include="src\ReeeEngine\Rendering\Context\InputLayout.h">
      <Filter>Header Files</Filter>
    </ClInclude>
    <ClInclude Include="src\ReeeEngine\Rendering\Context\VertexData.h">
      <Filter>Header Files</Filter>
    </ClInclude>
    <ClInclude Include="src\ReeeEngine\Rendering\Context\Topology.h">
      <Filter>Header Files</Filter>
    </ClInclude>
    <ClInclude Include="src\ReeeEngine\Rendering\Context\TransformData.h">
      <Filter>Header Files</Filter>
    </ClInclude>
    <ClInclude Include="src\ReeeEngine\Rendering\Context\ConstantBuffer.h">
      <Filter>Header Files</Filter>
    </ClInclude>
    <ClInclude Include="src\ReeeEngine\Rendering\Renderables\RenderableMesh.h">
      <Filter>Header Files</Filter>
    </ClInclude>
    <ClInclude Include="src\ReeeEngine\Rendering\Renderables\Renderable.h">
      <Filter>Header Files</Filter>
    </ClInclude>
    <ClInclude Include="src\ReeeEngine\Rendering\Context\PixelShader.h">
      <Filter>Header Files</Filter>
    </ClInclude>
    <ClInclude Include="src\ReeeEngine\Rendering\Context\VertexShader.h">
      <Filter>Header Files</Filter>
    </ClInclude>
    <ClInclude Include="src\ReeeEngine\Math\Vector2D.h">
      <Filter>Header Files</Filter>
    </ClInclude>
    <ClInclude Include="src\ReeeEngine\Math\Vector3D.h">
      <Filter>Header Files</Filter>
    </ClInclude>
    <ClInclude Include="src\ReeeEngine\Rendering\Renderables\Shapes\Shapes.h">
      <Filter>Header Files</Filter>
    </ClInclude>
    <ClInclude Include="src\ReeeEngine\Rendering\Context\ContextIncludes.h">
      <Filter>Header Files</Filter>
    </ClInclude>
    <ClInclude Include="src\ReeeEngine\Rendering\DXErrors\dxerr.h">
      <Filter>Header Files</Filter>
    </ClInclude>
    <ClInclude Include="src\ReeeEngine\Rendering\Renderables\Shapes\Sphere.h">
      <Filter>Header Files</Filter>
    </ClInclude>
    <ClInclude Include="src\ReeeEngine\Delegates\Delegate.h">
      <Filter>Header Files</Filter>
    </ClInclude>
    <ClInclude Include="src\ReeeEngine\Delegates\InputDelegates.h">
      <Filter>Header Files</Filter>
    </ClInclude>
    <ClInclude Include="src\ReeeEngine\Windows\WindowsKeyCodes.h">
      <Filter>Header Files</Filter>
    </ClInclude>
    <ClInclude Include="src\ReeeEngine\Delegates\WindowDelegates.h">
      <Filter>Header Files</Filter>
    </ClInclude>
    <ClInclude Include="src\ReeeEngine\Module\Module.h">
      <Filter>Header Files</Filter>
    </ClInclude>
    <ClInclude Include="src\ReeeEngine\Module\ModuleManager.h">
      <Filter>Header Files</Filter>
    </ClInclude>
    <ClInclude Include="src\PCH.h">
      <Filter>Header Files</Filter>
    </ClInclude>
    <ClInclude Include="src\ReeeEngine\Profiling\DebugTimer.h">
      <Filter>Header Files</Filter>
    </ClInclude>
    <ClInclude Include="src\ReeeEngine\ThirdParty\imgui\imconfig.h">
      <Filter>Header Files</Filter>
    </ClInclude>
    <ClInclude Include="src\ReeeEngine\ThirdParty\imgui\imgui.h">
      <Filter>Header Files</Filter>
    </ClInclude>
    <ClInclude Include="src\ReeeEngine\ThirdParty\imgui\imgui_impl_dx11.h">
      <Filter>Header Files</Filter>
    </ClInclude>
    <ClInclude Include="src\ReeeEngine\ThirdParty\imgui\imgui_impl_win32.h">
      <Filter>Header Files</Filter>
    </ClInclude>
    <ClInclude Include="src\ReeeEngine\ThirdParty\imgui\imgui_internal.h">
      <Filter>Header Files</Filter>
    </ClInclude>
    <ClInclude Include="src\ReeeEngine\ThirdParty\imgui\imstb_rectpack.h">
      <Filter>Header Files</Filter>
    </ClInclude>
    <ClInclude Include="src\ReeeEngine\ThirdParty\imgui\imstb_textedit.h">
      <Filter>Header Files</Filter>
    </ClInclude>
    <ClInclude Include="src\ReeeEngine\ThirdParty\imgui\imstb_truetype.h">
      <Filter>Header Files</Filter>
    </ClInclude>
    <ClInclude Include="src\ReeeEngine\Module\UserInterfaceModule.h">
      <Filter>Header Files</Filter>
    </ClInclude>
    <ClInclude Include="src\ReeeEngine\Math\Rotator.h">
      <Filter>Header Files</Filter>
    </ClInclude>
    <ClInclude Include="src\ReeeEngine\Math\Transform.h">
      <Filter>Header Files</Filter>
    </ClInclude>
    <ClInclude Include="src\ReeeEngine\World\Components\Component.h">
      <Filter>Header Files</Filter>
    </ClInclude>
    <ClInclude Include="src\ReeeEngine\World\Components\SceneComponent.h">
      <Filter>Header Files</Filter>
    </ClInclude>
    <ClInclude Include="src\ReeeEngine\World\Core\GameObject.h">
      <Filter>Header Files</Filter>
    </ClInclude>
    <ClInclude Include="src\ReeeEngine\World\Core\Object.h">
      <Filter>Header Files</Filter>
    </ClInclude>
    <ClInclude Include="src\ReeeEngine\World\World.h">
      <Filter>Header Files</Filter>
    </ClInclude>
    <ClInclude Include="src\ReeeEngine\World\Components\MeshComponent.h">
      <Filter>Header Files</Filter>
    </ClInclude>
    <ClInclude Include="src\ReeeEngine\World\Components\CameraComponent.h">
      <Filter>Header Files</Filter>
    </ClInclude>
    <ClInclude Include="src\ReeeEngine\World\GameObjects\EngineCamera.h">
      <Filter>Header Files</Filter>
    </ClInclude>
    <ClInclude Include="src\ReeeEngine\OpenCV\OpenCVInput.h">
      <Filter>Header Files</Filter>
    </ClInclude>
    <ClInclude Include="src\ReeeEngine\World\Components\TextComponent.h">
      <Filter>Header Files</Filter>
    </ClInclude>
    <ClInclude Include="src\ReeeEngine\Rendering\Context\SampleState.h">
      <Filter>Header Files</Filter>
    </ClInclude>
    <ClInclude Include="src\ReeeEngine\Rendering\Context\Texture.h">
      <Filter>Header Files</Filter>
    </ClInclude>
    <ClInclude Include="src\ReeeEngine\Rendering\AssetTypes\TextureAsset.h">
      <Filter>Header Files</Filter>
    </ClInclude>
    <ClInclude Include="src\ReeeEngine\Rendering\Lights\PointLight.h">
      <Filter>Header Files</Filter>
    </ClInclude>
    <ClInclude Include="src\ReeeEngine\Rendering\Renderables\Mesh.h">
      <Filter>Header Files</Filter>
    </ClInclude>
  </ItemGroup>
  <ItemGroup>
    <ClCompile Include="src\ReeeEngine\Application.cpp">
      <Filter>Source Files</Filter>
    </ClCompile>
    <ClCompile Include="src\ReeeEngine\Timer.cpp">
      <Filter>Source Files</Filter>
    </ClCompile>
    <ClCompile Include="src\ReeeEngine\Rendering\Graphics.cpp">
      <Filter>Source Files</Filter>
    </ClCompile>
    <ClCompile Include="src\ReeeEngine\Windows\Window.cpp">
      <Filter>Source Files</Filter>
    </ClCompile>
    <ClCompile Include="src\ReeeEngine\Windows\WindowsInput.cpp">
      <Filter>Source Files</Filter>
    </ClCompile>
    <ClCompile Include="src\ReeeEngine\ReeeLog.cpp">
      <Filter>Source Files</Filter>
    </ClCompile>
    <ClCompile Include="src\ReeeEngine\Rendering\Context\IndexData.cpp">
      <Filter>Source Files</Filter>
    </ClCompile>
    <ClCompile Include="src\ReeeEngine\Rendering\Context\ContextData.cpp">
      <Filter>Source Files</Filter>
    </ClCompile>
    <ClCompile Include="src\ReeeEngine\Rendering\Context\InputLayout.cpp">
      <Filter>Source Files</Filter>
    </ClCompile>
    <ClCompile Include="src\ReeeEngine\Rendering\Context\VertexData.cpp">
      <Filter>Source Files</Filter>
    </ClCompile>
    <ClCompile Include="src\ReeeEngine\Rendering\Context\Topology.cpp">
      <Filter>Source Files</Filter>
    </ClCompile>
    <ClCompile Include="src\ReeeEngine\Rendering\Context\TransformData.cpp">
      <Filter>Source Files</Filter>
    </ClCompile>
    <ClCompile Include="src\ReeeEngine\Rendering\Renderables\RenderableMesh.cpp">
      <Filter>Source Files</Filter>
    </ClCompile>
    <ClCompile Include="src\ReeeEngine\Rendering\Context\PixelShader.cpp">
      <Filter>Source Files</Filter>
    </ClCompile>
    <ClCompile Include="src\ReeeEngine\Rendering\Context\VertexShader.cpp">
      <Filter>Source Files</Filter>
    </ClCompile>
    <ClCompile Include="src\ReeeEngine\Rendering\DXErrors\dxerr.cpp">
      <Filter>Source Files</Filter>
    </ClCompile>
    <ClCompile Include="src\ReeeEngine\Rendering\Renderables\Shapes\Sphere.cpp">
      <Filter>Source Files</Filter>
    </ClCompile>
    <ClCompile Include="src\ReeeEngine\Delegates\InputDelegates.cpp">
      <Filter>Source Files</Filter>
    </ClCompile>
    <ClCompile Include="src\ReeeEngine\Delegates\WindowDelegates.cpp">
      <Filter>Source Files</Filter>
    </ClCompile>
    <ClCompile Include="src\ReeeEngine\Module\ModuleManager.cpp">
      <Filter>Source Files</Filter>
    </ClCompile>
    <ClCompile Include="src\PCH.cpp">
      <Filter>Source Files</Filter>
    </ClCompile>
    <ClCompile Include="src\ReeeEngine\ThirdParty\imgui\imgui.cpp">
      <Filter>Source Files</Filter>
    </ClCompile>
    <ClCompile Include="src\ReeeEngine\ThirdParty\imgui\imgui_demo.cpp">
      <Filter>Source Files</Filter>
    </ClCompile>
    <ClCompile Include="src\ReeeEngine\ThirdParty\imgui\imgui_draw.cpp">
      <Filter>Source Files</Filter>
    </ClCompile>
    <ClCompile Include="src\ReeeEngine\ThirdParty\imgui\imgui_impl_dx11.cpp">
      <Filter>Source Files</Filter>
    </ClCompile>
    <ClCompile Include="src\ReeeEngine\ThirdParty\imgui\imgui_impl_win32.cpp">
      <Filter>Source Files</Filter>
    </ClCompile>
    <ClCompile Include="src\ReeeEngine\ThirdParty\imgui\imgui_widgets.cpp">
      <Filter>Source Files</Filter>
    </ClCompile>
    <ClCompile Include="src\ReeeEngine\Module\UserInterfaceModule.cpp">
      <Filter>Source Files</Filter>
    </ClCompile>
    <ClCompile Include="src\ReeeEngine\World\Components\Component.cpp">
      <Filter>Source Files</Filter>
    </ClCompile>
    <ClCompile Include="src\ReeeEngine\World\Components\SceneComponent.cpp">
      <Filter>Source Files</Filter>
    </ClCompile>
    <ClCompile Include="src\ReeeEngine\World\Core\GameObject.cpp">
      <Filter>Source Files</Filter>
    </ClCompile>
    <ClCompile Include="src\ReeeEngine\World\World.cpp">
      <Filter>Source Files</Filter>
    </ClCompile>
    <ClCompile Include="src\ReeeEngine\World\Components\MeshComponent.cpp">
      <Filter>Source Files</Filter>
    </ClCompile>
    <ClCompile Include="src\ReeeEngine\World\Components\CameraComponent.cpp">
      <Filter>Source Files</Filter>
    </ClCompile>
    <ClCompile Include="src\ReeeEngine\World\GameObjects\EngineCamera.cpp">
      <Filter>Source Files</Filter>
    </ClCompile>
    <ClCompile Include="src\ReeeEngine\OpenCV\OpenCVInput.cpp">
      <Filter>Source Files</Filter>
    </ClCompile>
    <ClCompile Include="src\ReeeEngine\World\Components\TextComponent.cpp">
      <Filter>Source Files</Filter>
    </ClCompile>
    <ClCompile Include="src\ReeeEngine\Rendering\Context\SampleState.cpp">
      <Filter>Source Files</Filter>
    </ClCompile>
    <ClCompile Include="src\ReeeEngine\Rendering\AssetTypes\TextureAsset.cpp">
      <Filter>Source Files</Filter>
    </ClCompile>
    <ClCompile Include="src\ReeeEngine\Rendering\Context\Texture.cpp">
      <Filter>Source Files</Filter>
    </ClCompile>
    <ClCompile Include="src\ReeeEngine\Rendering\Lights\PointLight.cpp">
      <Filter>Source Files</Filter>
    </ClCompile>
    <ClCompile Include="src\ReeeEngine\Rendering\Renderables\Mesh.cpp">
      <Filter>Source Files</Filter>
    </ClCompile>
  </ItemGroup>
  <ItemGroup>
    <FxCompile Include="src\ReeeEngine\Rendering\Shaders\PixelShader.hlsl">
      <Filter>Shaders</Filter>
    </FxCompile>
    <FxCompile Include="src\ReeeEngine\Rendering\Shaders\VertexShader.hlsl">
      <Filter>Shaders</Filter>
    </FxCompile>
    <FxCompile Include="src\ReeeEngine\Rendering\Shaders\PhongPS.hlsl" />
    <FxCompile Include="src\ReeeEngine\Rendering\Shaders\PhongVS.hlsl" />
    <FxCompile Include="src\ReeeEngine\Rendering\Shaders\LitColorVS.hlsl" />
    <FxCompile Include="src\ReeeEngine\Rendering\Shaders\LitColorPS.hlsl" />
    <FxCompile Include="src\ReeeEngine\Rendering\Shaders\LitTexturePS.hlsl" />
    <FxCompile Include="src\ReeeEngine\Rendering\Shaders\LitTextureVS.hlsl" />
  </ItemGroup>
  <ItemGroup>
    <None Include="src\ReeeEngine\Rendering\DXErrors\DXGetErrorDescription.inl">
      <Filter>Header Files</Filter>
    </None>
    <None Include="src\ReeeEngine\Rendering\DXErrors\DXGetErrorString.inl">
      <Filter>Header Files</Filter>
    </None>
    <None Include="src\ReeeEngine\Rendering\DXErrors\DXTrace.inl">
      <Filter>Header Files</Filter>
    </None>
  </ItemGroup>
  <ItemGroup>
    <ResourceCompile Include="src\ReeeEngine\Resources\ReeeIcon.ico">
      <Filter>Resource Files</Filter>
    </ResourceCompile>
  </ItemGroup>
</Project>